
Microsoft Visual Studio Solution File, Format Version 12.00
Project("{FAE04EC0-301F-11D3-BF4B-00C04F79EFBC}") = "MyExp", "MyExp\MyExp.csproj", "{4410BFB1-3047-4E25-B17D-67C6E4604A8B}"
EndProject
Global
	GlobalSection(SolutionConfigurationPlatforms) = preSolution
		Debug|Any CPU = Debug|Any CPU
		Release|Any CPU = Release|Any CPU
	EndGlobalSection
	GlobalSection(ProjectConfigurationPlatforms) = postSolution
		{4410BFB1-3047-4E25-B17D-67C6E4604A8B}.Debug|Any CPU.ActiveCfg = Debug|Any CPU
		{4410BFB1-3047-4E25-B17D-67C6E4604A8B}.Debug|Any CPU.Build.0 = Debug|Any CPU
		{4410BFB1-3047-4E25-B17D-67C6E4604A8B}.Release|Any CPU.ActiveCfg = Release|Any CPU
		{4410BFB1-3047-4E25-B17D-67C6E4604A8B}.Release|Any CPU.Build.0 = Release|Any CPU
	EndGlobalSection
EndGlobal
