
Microsoft Visual Studio Solution File, Format Version 12.00
Project("{FAE04EC0-301F-11D3-BF4B-00C04F79EFBC}") = "MyExp", "MyExp\MyExp.csproj", "{4410BFB1-3047-4E25-B17D-67C6E4604A8B}"
EndProject
Project("{FAE04EC0-301F-11D3-BF4B-00C04F79EFBC}") = "WebApi", "WebApi\WebApi.csproj", "{28506030-91DD-4217-9184-95B0C47218EA}"
EndProject
Project("{2150E333-8FDC-42A3-9474-1A3956D46DE8}") = "Modules", "Modules", "{3ED75B05-AA95-473D-B9F8-2F2D4E6829C4}"
EndProject
Project("{2150E333-8FDC-42A3-9474-1A3956D46DE8}") = "Products", "Products", "{01413678-96C6-4347-8A50-F37FC327C523}"
EndProject
Project("{2150E333-8FDC-42A3-9474-1A3956D46DE8}") = "Shared", "Shared", "{B2942A48-D25E-4005-A593-FA40B41D5C0A}"
EndProject
Project("{FAE04EC0-301F-11D3-BF4B-00C04F79EFBC}") = "Shared.Core", "Modules\Shared.Core\Shared.Core.csproj", "{25B299BC-4482-43E1-A649-995610958496}"
EndProject
Project("{FAE04EC0-301F-11D3-BF4B-00C04F79EFBC}") = "Products.Application", "Modules\Products.Application\Products.Application.csproj", "{5C7AF71B-0FBC-436E-9BE9-B25695F940CB}"
EndProject
Project("{FAE04EC0-301F-11D3-BF4B-00C04F79EFBC}") = "Products.Domain", "Modules\Products.Domain\Products.Domain.csproj", "{5D61395B-0BA6-4DF6-B542-312A3E118463}"
EndProject
Project("{FAE04EC0-301F-11D3-BF4B-00C04F79EFBC}") = "Products.Infrastructure", "Modules\Products.Infrastructure\Products.Infrastructure.csproj", "{7C240C87-AD3F-46B2-B95F-6FBEED4B2E59}"
EndProject
Project("{FAE04EC0-301F-11D3-BF4B-00C04F79EFBC}") = "Shared.Migrations", "Modules\Shared.Migrations\Shared.Migrations.csproj", "{19A48CC2-4C32-4B35-9187-77FC4CBC948D}"
EndProject
Project("{2150E333-8FDC-42A3-9474-1A3956D46DE8}") = "Users", "Users", "{ED517FDE-B93F-4BC8-855C-19296DF86180}"
EndProject
Project("{FAE04EC0-301F-11D3-BF4B-00C04F79EFBC}") = "Users.Infrastructure", "Modules\Users.Infrastructure\Users.Infrastructure.csproj", "{64BFC534-6515-408F-A642-80D27E4204DA}"
EndProject
Project("{FAE04EC0-301F-11D3-BF4B-00C04F79EFBC}") = "Users.Domain", "Modules\Users.Domain\Users.Domain.csproj", "{09408F81-15C3-410A-940B-A321D783BA39}"
EndProject
Project("{FAE04EC0-301F-11D3-BF4B-00C04F79EFBC}") = "Users.Application", "Modules\Users.Application\Users.Application.csproj", "{6E289524-B984-4FF0-A189-27CC3311A4F3}"
EndProject
Project("{FAE04EC0-301F-11D3-BF4B-00C04F79EFBC}") = "Shared.Abstrations", "Modules\Shared.Abstrations\Shared.Abstrations.csproj", "{76748928-A7D2-484D-B288-09320AE4DC0F}"
EndProject
Project("{2150E333-8FDC-42A3-9474-1A3956D46DE8}") = "Expenses", "Expenses", "{DA932224-89C4-48F6-AA08-1073254EA954}"
EndProject
Project("{2150E333-8FDC-42A3-9474-1A3956D46DE8}") = "Analytics", "Analytics", "{AF6A0060-CE49-45C9-963E-5CFD75BA2A5A}"
EndProject
Project("{FAE04EC0-301F-11D3-BF4B-00C04F79EFBC}") = "Analytics.Application", "Modules\Analytics.Application\Analytics.Application.csproj", "{298998F9-A316-461E-9CBD-5E1D4D5F3FE8}"
EndProject
Project("{FAE04EC0-301F-11D3-BF4B-00C04F79EFBC}") = "Analytics.Domain", "Modules\Analytics.Domain\Analytics.Domain.csproj", "{3342599A-6745-47E9-A7FE-E7FBC75D2288}"
EndProject
Project("{FAE04EC0-301F-11D3-BF4B-00C04F79EFBC}") = "Analytics.Infrastructure", "Modules\Analytics.Infrastructure\Analytics.Infrastructure.csproj", "{77D4DF73-79E1-4BD7-B224-ADFB08086713}"
EndProject
Project("{FAE04EC0-301F-11D3-BF4B-00C04F79EFBC}") = "Expenses.Application", "Modules\Expenses.Application\Expenses.Application.csproj", "{4D226EDC-AB60-4C9A-A3A1-D0B208316B6C}"
EndProject
Project("{FAE04EC0-301F-11D3-BF4B-00C04F79EFBC}") = "Expenses.Domain", "Modules\Expenses.Domain\Expenses.Domain.csproj", "{C6940A7E-454E-4832-8CAB-3A5FB9CEF988}"
EndProject
Project("{FAE04EC0-301F-11D3-BF4B-00C04F79EFBC}") = "Expenses.Infrastructure", "Modules\Expenses.Infrastructure\Expenses.Infrastructure.csproj", "{08CC3595-F39A-4946-B30D-6C4FCFA2D8D6}"
EndProject
Global
	GlobalSection(SolutionConfigurationPlatforms) = preSolution
		Debug|Any CPU = Debug|Any CPU
		Release|Any CPU = Release|Any CPU
	EndGlobalSection
	GlobalSection(ProjectConfigurationPlatforms) = postSolution
		{4410BFB1-3047-4E25-B17D-67C6E4604A8B}.Debug|Any CPU.ActiveCfg = Debug|Any CPU
		{4410BFB1-3047-4E25-B17D-67C6E4604A8B}.Debug|Any CPU.Build.0 = Debug|Any CPU
		{4410BFB1-3047-4E25-B17D-67C6E4604A8B}.Release|Any CPU.ActiveCfg = Release|Any CPU
		{4410BFB1-3047-4E25-B17D-67C6E4604A8B}.Release|Any CPU.Build.0 = Release|Any CPU
		{28506030-91DD-4217-9184-95B0C47218EA}.Debug|Any CPU.ActiveCfg = Debug|Any CPU
		{28506030-91DD-4217-9184-95B0C47218EA}.Debug|Any CPU.Build.0 = Debug|Any CPU
		{28506030-91DD-4217-9184-95B0C47218EA}.Release|Any CPU.ActiveCfg = Release|Any CPU
		{28506030-91DD-4217-9184-95B0C47218EA}.Release|Any CPU.Build.0 = Release|Any CPU
		{25B299BC-4482-43E1-A649-995610958496}.Debug|Any CPU.ActiveCfg = Debug|Any CPU
		{25B299BC-4482-43E1-A649-995610958496}.Debug|Any CPU.Build.0 = Debug|Any CPU
		{25B299BC-4482-43E1-A649-995610958496}.Release|Any CPU.ActiveCfg = Release|Any CPU
		{25B299BC-4482-43E1-A649-995610958496}.Release|Any CPU.Build.0 = Release|Any CPU
		{5C7AF71B-0FBC-436E-9BE9-B25695F940CB}.Debug|Any CPU.ActiveCfg = Debug|Any CPU
		{5C7AF71B-0FBC-436E-9BE9-B25695F940CB}.Debug|Any CPU.Build.0 = Debug|Any CPU
		{5C7AF71B-0FBC-436E-9BE9-B25695F940CB}.Release|Any CPU.ActiveCfg = Release|Any CPU
		{5C7AF71B-0FBC-436E-9BE9-B25695F940CB}.Release|Any CPU.Build.0 = Release|Any CPU
		{5D61395B-0BA6-4DF6-B542-312A3E118463}.Debug|Any CPU.ActiveCfg = Debug|Any CPU
		{5D61395B-0BA6-4DF6-B542-312A3E118463}.Debug|Any CPU.Build.0 = Debug|Any CPU
		{5D61395B-0BA6-4DF6-B542-312A3E118463}.Release|Any CPU.ActiveCfg = Release|Any CPU
		{5D61395B-0BA6-4DF6-B542-312A3E118463}.Release|Any CPU.Build.0 = Release|Any CPU
		{7C240C87-AD3F-46B2-B95F-6FBEED4B2E59}.Debug|Any CPU.ActiveCfg = Debug|Any CPU
		{7C240C87-AD3F-46B2-B95F-6FBEED4B2E59}.Debug|Any CPU.Build.0 = Debug|Any CPU
		{7C240C87-AD3F-46B2-B95F-6FBEED4B2E59}.Release|Any CPU.ActiveCfg = Release|Any CPU
		{7C240C87-AD3F-46B2-B95F-6FBEED4B2E59}.Release|Any CPU.Build.0 = Release|Any CPU
		{19A48CC2-4C32-4B35-9187-77FC4CBC948D}.Debug|Any CPU.ActiveCfg = Debug|Any CPU
		{19A48CC2-4C32-4B35-9187-77FC4CBC948D}.Debug|Any CPU.Build.0 = Debug|Any CPU
		{19A48CC2-4C32-4B35-9187-77FC4CBC948D}.Release|Any CPU.ActiveCfg = Release|Any CPU
		{19A48CC2-4C32-4B35-9187-77FC4CBC948D}.Release|Any CPU.Build.0 = Release|Any CPU
		{64BFC534-6515-408F-A642-80D27E4204DA}.Debug|Any CPU.ActiveCfg = Debug|Any CPU
		{64BFC534-6515-408F-A642-80D27E4204DA}.Debug|Any CPU.Build.0 = Debug|Any CPU
		{64BFC534-6515-408F-A642-80D27E4204DA}.Release|Any CPU.ActiveCfg = Release|Any CPU
		{64BFC534-6515-408F-A642-80D27E4204DA}.Release|Any CPU.Build.0 = Release|Any CPU
		{09408F81-15C3-410A-940B-A321D783BA39}.Debug|Any CPU.ActiveCfg = Debug|Any CPU
		{09408F81-15C3-410A-940B-A321D783BA39}.Debug|Any CPU.Build.0 = Debug|Any CPU
		{09408F81-15C3-410A-940B-A321D783BA39}.Release|Any CPU.ActiveCfg = Release|Any CPU
		{09408F81-15C3-410A-940B-A321D783BA39}.Release|Any CPU.Build.0 = Release|Any CPU
		{6E289524-B984-4FF0-A189-27CC3311A4F3}.Debug|Any CPU.ActiveCfg = Debug|Any CPU
		{6E289524-B984-4FF0-A189-27CC3311A4F3}.Debug|Any CPU.Build.0 = Debug|Any CPU
		{6E289524-B984-4FF0-A189-27CC3311A4F3}.Release|Any CPU.ActiveCfg = Release|Any CPU
		{6E289524-B984-4FF0-A189-27CC3311A4F3}.Release|Any CPU.Build.0 = Release|Any CPU
		{76748928-A7D2-484D-B288-09320AE4DC0F}.Debug|Any CPU.ActiveCfg = Debug|Any CPU
		{76748928-A7D2-484D-B288-09320AE4DC0F}.Debug|Any CPU.Build.0 = Debug|Any CPU
		{76748928-A7D2-484D-B288-09320AE4DC0F}.Release|Any CPU.ActiveCfg = Release|Any CPU
		{76748928-A7D2-484D-B288-09320AE4DC0F}.Release|Any CPU.Build.0 = Release|Any CPU
		{298998F9-A316-461E-9CBD-5E1D4D5F3FE8}.Debug|Any CPU.ActiveCfg = Debug|Any CPU
		{298998F9-A316-461E-9CBD-5E1D4D5F3FE8}.Debug|Any CPU.Build.0 = Debug|Any CPU
		{298998F9-A316-461E-9CBD-5E1D4D5F3FE8}.Release|Any CPU.ActiveCfg = Release|Any CPU
		{298998F9-A316-461E-9CBD-5E1D4D5F3FE8}.Release|Any CPU.Build.0 = Release|Any CPU
		{3342599A-6745-47E9-A7FE-E7FBC75D2288}.Debug|Any CPU.ActiveCfg = Debug|Any CPU
		{3342599A-6745-47E9-A7FE-E7FBC75D2288}.Debug|Any CPU.Build.0 = Debug|Any CPU
		{3342599A-6745-47E9-A7FE-E7FBC75D2288}.Release|Any CPU.ActiveCfg = Release|Any CPU
		{3342599A-6745-47E9-A7FE-E7FBC75D2288}.Release|Any CPU.Build.0 = Release|Any CPU
		{77D4DF73-79E1-4BD7-B224-ADFB08086713}.Debug|Any CPU.ActiveCfg = Debug|Any CPU
		{77D4DF73-79E1-4BD7-B224-ADFB08086713}.Debug|Any CPU.Build.0 = Debug|Any CPU
		{77D4DF73-79E1-4BD7-B224-ADFB08086713}.Release|Any CPU.ActiveCfg = Release|Any CPU
		{77D4DF73-79E1-4BD7-B224-ADFB08086713}.Release|Any CPU.Build.0 = Release|Any CPU
		{4D226EDC-AB60-4C9A-A3A1-D0B208316B6C}.Debug|Any CPU.ActiveCfg = Debug|Any CPU
		{4D226EDC-AB60-4C9A-A3A1-D0B208316B6C}.Debug|Any CPU.Build.0 = Debug|Any CPU
		{4D226EDC-AB60-4C9A-A3A1-D0B208316B6C}.Release|Any CPU.ActiveCfg = Release|Any CPU
		{4D226EDC-AB60-4C9A-A3A1-D0B208316B6C}.Release|Any CPU.Build.0 = Release|Any CPU
		{C6940A7E-454E-4832-8CAB-3A5FB9CEF988}.Debug|Any CPU.ActiveCfg = Debug|Any CPU
		{C6940A7E-454E-4832-8CAB-3A5FB9CEF988}.Debug|Any CPU.Build.0 = Debug|Any CPU
		{C6940A7E-454E-4832-8CAB-3A5FB9CEF988}.Release|Any CPU.ActiveCfg = Release|Any CPU
		{C6940A7E-454E-4832-8CAB-3A5FB9CEF988}.Release|Any CPU.Build.0 = Release|Any CPU
		{08CC3595-F39A-4946-B30D-6C4FCFA2D8D6}.Debug|Any CPU.ActiveCfg = Debug|Any CPU
		{08CC3595-F39A-4946-B30D-6C4FCFA2D8D6}.Debug|Any CPU.Build.0 = Debug|Any CPU
		{08CC3595-F39A-4946-B30D-6C4FCFA2D8D6}.Release|Any CPU.ActiveCfg = Release|Any CPU
		{08CC3595-F39A-4946-B30D-6C4FCFA2D8D6}.Release|Any CPU.Build.0 = Release|Any CPU
	EndGlobalSection
	GlobalSection(NestedProjects) = preSolution
		{01413678-96C6-4347-8A50-F37FC327C523} = {3ED75B05-AA95-473D-B9F8-2F2D4E6829C4}
		{25B299BC-4482-43E1-A649-995610958496} = {B2942A48-D25E-4005-A593-FA40B41D5C0A}
		{19A48CC2-4C32-4B35-9187-77FC4CBC948D} = {B2942A48-D25E-4005-A593-FA40B41D5C0A}
		{ED517FDE-B93F-4BC8-855C-19296DF86180} = {3ED75B05-AA95-473D-B9F8-2F2D4E6829C4}
		{76748928-A7D2-484D-B288-09320AE4DC0F} = {B2942A48-D25E-4005-A593-FA40B41D5C0A}
		{DA932224-89C4-48F6-AA08-1073254EA954} = {3ED75B05-AA95-473D-B9F8-2F2D4E6829C4}
		{5C7AF71B-0FBC-436E-9BE9-B25695F940CB} = {01413678-96C6-4347-8A50-F37FC327C523}
		{5D61395B-0BA6-4DF6-B542-312A3E118463} = {01413678-96C6-4347-8A50-F37FC327C523}
		{7C240C87-AD3F-46B2-B95F-6FBEED4B2E59} = {01413678-96C6-4347-8A50-F37FC327C523}
		{AF6A0060-CE49-45C9-963E-5CFD75BA2A5A} = {3ED75B05-AA95-473D-B9F8-2F2D4E6829C4}
		{64BFC534-6515-408F-A642-80D27E4204DA} = {ED517FDE-B93F-4BC8-855C-19296DF86180}
		{09408F81-15C3-410A-940B-A321D783BA39} = {ED517FDE-B93F-4BC8-855C-19296DF86180}
		{6E289524-B984-4FF0-A189-27CC3311A4F3} = {ED517FDE-B93F-4BC8-855C-19296DF86180}
		{298998F9-A316-461E-9CBD-5E1D4D5F3FE8} = {AF6A0060-CE49-45C9-963E-5CFD75BA2A5A}
		{3342599A-6745-47E9-A7FE-E7FBC75D2288} = {AF6A0060-CE49-45C9-963E-5CFD75BA2A5A}
		{77D4DF73-79E1-4BD7-B224-ADFB08086713} = {AF6A0060-CE49-45C9-963E-5CFD75BA2A5A}
		{4D226EDC-AB60-4C9A-A3A1-D0B208316B6C} = {DA932224-89C4-48F6-AA08-1073254EA954}
		{C6940A7E-454E-4832-8CAB-3A5FB9CEF988} = {DA932224-89C4-48F6-AA08-1073254EA954}
		{08CC3595-F39A-4946-B30D-6C4FCFA2D8D6} = {DA932224-89C4-48F6-AA08-1073254EA954}
	EndGlobalSection
EndGlobal
